
Microsoft Visual Studio Solution File, Format Version 12.00
# Visual Studio 15
VisualStudioVersion = 15.0.26730.16
MinimumVisualStudioVersion = 10.0.40219.1
Project("{FAE04EC0-301F-11D3-BF4B-00C04F79EFBC}") = "WPFApp1", "WPFApp1\WPFApp1.csproj", "{943EB91C-95F8-4817-BFF9-8266A6019D16}"
EndProject
Global
	GlobalSection(SolutionConfigurationPlatforms) = preSolution
		Debug|Any CPU = Debug|Any CPU
		Release|Any CPU = Release|Any CPU
	EndGlobalSection
	GlobalSection(ProjectConfigurationPlatforms) = postSolution
		{943EB91C-95F8-4817-BFF9-8266A6019D16}.Debug|Any CPU.ActiveCfg = Debug|Any CPU
		{943EB91C-95F8-4817-BFF9-8266A6019D16}.Debug|Any CPU.Build.0 = Debug|Any CPU
		{943EB91C-95F8-4817-BFF9-8266A6019D16}.Release|Any CPU.ActiveCfg = Release|Any CPU
		{943EB91C-95F8-4817-BFF9-8266A6019D16}.Release|Any CPU.Build.0 = Release|Any CPU
	EndGlobalSection
	GlobalSection(SolutionProperties) = preSolution
		HideSolutionNode = FALSE
	EndGlobalSection
	GlobalSection(ExtensibilityGlobals) = postSolution
		SolutionGuid = {B1997384-1D34-475F-9EF5-BDD509CB65A9}
	EndGlobalSection
EndGlobal
